
Microsoft Visual Studio Solution File, Format Version 12.00
# Visual Studio Version 17
VisualStudioVersion = 17.2.32516.85
MinimumVisualStudioVersion = 10.0.40219.1
Project("{FAE04EC0-301F-11D3-BF4B-00C04F79EFBC}") = "LifeSimulation", "LifeSimulation.csproj", "{8DB852DC-DA60-40A4-9219-CC6460811BFA}"
EndProject
Global
	GlobalSection(SolutionConfigurationPlatforms) = preSolution
		Debug|Any CPU = Debug|Any CPU
		Release|Any CPU = Release|Any CPU
	EndGlobalSection
	GlobalSection(ProjectConfigurationPlatforms) = postSolution
		{8DB852DC-DA60-40A4-9219-CC6460811BFA}.Debug|Any CPU.ActiveCfg = Debug|Any CPU
		{8DB852DC-DA60-40A4-9219-CC6460811BFA}.Debug|Any CPU.Build.0 = Debug|Any CPU
		{8DB852DC-DA60-40A4-9219-CC6460811BFA}.Release|Any CPU.ActiveCfg = Release|Any CPU
		{8DB852DC-DA60-40A4-9219-CC6460811BFA}.Release|Any CPU.Build.0 = Release|Any CPU
	EndGlobalSection
	GlobalSection(SolutionProperties) = preSolution
		HideSolutionNode = FALSE
	EndGlobalSection
	GlobalSection(ExtensibilityGlobals) = postSolution
		SolutionGuid = {74C696A1-EA14-48F3-BB3C-CA5436D1129F}
	EndGlobalSection
EndGlobal
